PODS:
  - AFNetworking (3.1.0):
    - AFNetworking/NSURLSession (= 3.1.0)
    - AFNetworking/Reachability (= 3.1.0)
    - AFNetworking/Security (= 3.1.0)
    - AFNetworking/Serialization (= 3.1.0)
    - AFNetworking/UIKit (= 3.1.0)
  - AFNetworking/NSURLSession (3.1.0):
    - AFNetworking/Reachability
    - AFNetworking/Security
    - AFNetworking/Serialization
  - AFNetworking/Reachability (3.1.0)
  - AFNetworking/Security (3.1.0)
  - AFNetworking/Serialization (3.1.0)
  - AFNetworking/UIKit (3.1.0):
    - AFNetworking/NSURLSession
  - CocoaLumberjack (2.4.0):
    - CocoaLumberjack/Default (= 2.4.0)
    - CocoaLumberjack/Extensions (= 2.4.0)
  - CocoaLumberjack/Core (2.4.0)
  - CocoaLumberjack/Default (2.4.0):
    - CocoaLumberjack/Core
  - CocoaLumberjack/Extensions (2.4.0):
    - CocoaLumberjack/Default
  - Expecta (1.0.5)
  - Lock-Twitter (1.2.1):
    - AFNetworking (~> 3.0)
    - CocoaLumberjack (~> 2.0)
    - Lock/Core (~> 1.27)
    - PSAlertView (~> 2.0)
    - TWReverseAuth (~> 0.1.0)
  - Lock/Core (1.28.0):
    - AFNetworking (~> 3.0)
  - LUKeychainAccess (1.2.5)
  - NSData+Base64 (1.0.0)
  - OAuthCore (0.0.1):
    - NSData+Base64
  - PSAlertView (2.0.3)
  - Specta (1.0.5)
  - TWReverseAuth (0.1.1):
    - LUKeychainAccess
    - OAuthCore

DEPENDENCIES:
  - Expecta
  - Lock-Twitter (from `../`)
  - Specta

EXTERNAL SOURCES:
  Lock-Twitter:
    :path: "../"

SPEC CHECKSUMS:
  AFNetworking: 5e0e199f73d8626b11e79750991f5d173d1f8b67
  CocoaLumberjack: aa9dcab71bdf9eaf2a63bbd9ddc87863efe45457
  Expecta: e1c022fcd33910b6be89c291d2775b3fe27a89fe
  Lock: f66a990dccd844d393c5803e40bf6c9eca05ef2d
  Lock-Twitter: aa3892ed929c388243f4b5c19676584248ae3f75
  LUKeychainAccess: d22fc00b33ad92c7532962b86daa94c14b85ecbe
  NSData+Base64: 4e84902c4db907a15673474677e57763ef3903e4
  OAuthCore: 43dce261db846a1fe20234d95654257e00e78581
  PSAlertView: 16d35f5dba549418492cf68a750d4f0dca21f4a2
  Specta: ac94d110b865115fe60ff2c6d7281053c6f8e8a2
  TWReverseAuth: d2deef3521fa6bee32eabab67f114c2c4a53d4f5

PODFILE CHECKSUM: 2d18c9b31842a5e328631aac1901e19f5cee5562

COCOAPODS: 1.1.0.rc.3
